// !$*UTF8*$!
{
	archiveVersion = 1;
	classes = {
	};
	objectVersion = 46;
	objects = {

/* Begin PBXBuildFile section */
		38CA3B3B1C73184800780E55 /* UIView+AutoLayout.m in Sources */ = {isa = PBXBuildFile; fileRef = 38CA3B381C73184800780E55 /* UIView+AutoLayout.m */; };
		38CA3B3C1C73184800780E55 /* UIView+Layout.m in Sources */ = {isa = PBXBuildFile; fileRef = 38CA3B3A1C73184800780E55 /* UIView+Layout.m */; };
		38CA3B3F1C744DC100780E55 /* HJCLayoutAnchor.m in Sources */ = {isa = PBXBuildFile; fileRef = 38CA3B3E1C744DC100780E55 /* HJCLayoutAnchor.m */; };
/* End PBXBuildFile section */

/* Begin PBXCopyFilesBuildPhase section */
		38CA3B281C73181900780E55 /* CopyFiles */ = {
			isa = PBXCopyFilesBuildPhase;
			buildActionMask = 2147483647;
			dstPath = "include/$(PRODUCT_NAME)";
			dstSubfolderSpec = 16;
			files = (
			);
			runOnlyForDeploymentPostprocessing = 0;
		};
/* End PBXCopyFilesBuildPhase section */

/* Begin PBXFileReference section */
		38CA3B2A1C73181900780E55 /* libHJCLayout.a */ = {isa = PBXFileReference; explicitFileType = archive.ar; includeInIndex = 0; path = libHJCLayout.a; sourceTree = BUILT_PRODUCTS_DIR; };
		38CA3B361C73183100780E55 /* HJCLayout.h */ = {isa = PBXFileReference; lastKnownFileType = sourcecode.c.h; path = HJCLayout.h; sourceTree = "<group>"; };
		38CA3B371C73184800780E55 /* UIView+AutoLayout.h */ = {isa = PBXFileReference; fileEncoding = 4; lastKnownFileType = sourcecode.c.h; path = "UIView+AutoLayout.h"; sourceTree = "<group>"; };
		38CA3B381C73184800780E55 /* UIView+AutoLayout.m */ = {isa = PBXFileReference; fileEncoding = 4; lastKnownFileType = sourcecode.c.objc; path = "UIView+AutoLayout.m"; sourceTree = "<group>"; };
		38CA3B391C73184800780E55 /* UIView+Layout.h */ = {isa = PBXFileReference; fileEncoding = 4; lastKnownFileType = sourcecode.c.h; path = "UIView+Layout.h"; sourceTree = "<group>"; };
		38CA3B3A1C73184800780E55 /* UIView+Layout.m */ = {isa = PBXFileReference; fileEncoding = 4; lastKnownFileType = sourcecode.c.objc; path = "UIView+Layout.m"; sourceTree = "<group>"; };
		38CA3B3D1C744DC100780E55 /* HJCLayoutAnchor.h */ = {isa = PBXFileReference; fileEncoding = 4; lastKnownFileType = sourcecode.c.h; path = HJCLayoutAnchor.h; sourceTree = "<group>"; };
		38CA3B3E1C744DC100780E55 /* HJCLayoutAnchor.m */ = {isa = PBXFileReference; fileEncoding = 4; lastKnownFileType = sourcecode.c.objc; path = HJCLayoutAnchor.m; sourceTree = "<group>"; };
/* End PBXFileReference section */

/* Begin PBXFrameworksBuildPhase section */
		38CA3B271C73181900780E55 /* Frameworks */ = {
			isa = PBXFrameworksBuildPhase;
			buildActionMask = 2147483647;
			files = (
			);
			runOnlyForDeploymentPostprocessing = 0;
		};
/* End PBXFrameworksBuildPhase section */

/* Begin PBXGroup section */
		38CA3B211C73181900780E55 = {
			isa = PBXGroup;
			children = (
				38CA3B2C1C73181900780E55 /* HJCLayout */,
				38CA3B2B1C73181900780E55 /* Products */,
			);
			sourceTree = "<group>";
		};
		38CA3B2B1C73181900780E55 /* Products */ = {
			isa = PBXGroup;
			children = (
				38CA3B2A1C73181900780E55 /* libHJCLayout.a */,
			);
			name = Products;
			sourceTree = "<group>";
		};
		38CA3B2C1C73181900780E55 /* HJCLayout */ = {
			isa = PBXGroup;
			children = (
				38CA3B371C73184800780E55 /* UIView+AutoLayout.h */,
				38CA3B381C73184800780E55 /* UIView+AutoLayout.m */,
				38CA3B391C73184800780E55 /* UIView+Layout.h */,
				38CA3B3A1C73184800780E55 /* UIView+Layout.m */,
				38CA3B361C73183100780E55 /* HJCLayout.h */,
				38CA3B3D1C744DC100780E55 /* HJCLayoutAnchor.h */,
				38CA3B3E1C744DC100780E55 /* HJCLayoutAnchor.m */,
			);
			path = HJCLayout;
			sourceTree = "<group>";
		};
/* End PBXGroup section */

/* Begin PBXNativeTarget section */
		38CA3B291C73181900780E55 /* HJCLayout */ = {
			isa = PBXNativeTarget;
			buildConfigurationList = 38CA3B331C73181900780E55 /* Build configuration list for PBXNativeTarget "HJCLayout" */;
			buildPhases = (
				38CA3B261C73181900780E55 /* Sources */,
				38CA3B271C73181900780E55 /* Frameworks */,
				38CA3B281C73181900780E55 /* CopyFiles */,
			);
			buildRules = (
			);
			dependencies = (
			);
			name = HJCLayout;
			productName = HJCLayout;
			productReference = 38CA3B2A1C73181900780E55 /* libHJCLayout.a */;
			productType = "com.apple.product-type.library.static";
		};
/* End PBXNativeTarget section */

/* Begin PBXProject section */
		38CA3B221C73181900780E55 /* Project object */ = {
			isa = PBXProject;
			attributes = {
				LastUpgradeCheck = 0720;
				ORGANIZATIONNAME = hjcool7;
				TargetAttributes = {
					38CA3B291C73181900780E55 = {
						CreatedOnToolsVersion = 7.2;
					};
				};
			};
			buildConfigurationList = 38CA3B251C73181900780E55 /* Build configuration list for PBXProject "HJCLayout" */;
			compatibilityVersion = "Xcode 3.2";
			developmentRegion = English;
			hasScannedForEncodings = 0;
			knownRegions = (
				en,
			);
			mainGroup = 38CA3B211C73181900780E55;
			productRefGroup = 38CA3B2B1C73181900780E55 /* Products */;
			projectDirPath = "";
			projectRoot = "";
			targets = (
				38CA3B291C73181900780E55 /* HJCLayout */,
			);
		};
/* End PBXProject section */

/* Begin PBXSourcesBuildPhase section */
		38CA3B261C73181900780E55 /* Sources */ = {
			isa = PBXSourcesBuildPhase;
			buildActionMask = 2147483647;
			files = (
				38CA3B3C1C73184800780E55 /* UIView+Layout.m in Sources */,
				38CA3B3F1C744DC100780E55 /* HJCLayoutAnchor.m in Sources */,
				38CA3B3B1C73184800780E55 /* UIView+AutoLayout.m in Sources */,
			);
			runOnlyForDeploymentPostprocessing = 0;
		};
/* End PBXSourcesBuildPhase section */

/* Begin XCBuildConfiguration section */
		38CA3B311C73181900780E55 /* Debug */ = {
			isa = XCBuildConfiguration;
			buildSettings = {
				ALWAYS_SEARCH_USER_PATHS = NO;
				CLANG_CXX_LANGUAGE_STANDARD = "gnu++0x";
				CLANG_CXX_LIBRARY = "libc++";
				CLANG_ENABLE_MODULES = YES;
				CLANG_ENABLE_OBJC_ARC = YES;
				CLANG_WARN_BOOL_CONVERSION = YES;
				CLANG_WARN_CONSTANT_CONVERSION = YES;
				CLANG_WARN_DIRECT_OBJC_ISA_USAGE = YES_ERROR;
				CLANG_WARN_EMPTY_BODY = YES;
				CLANG_WARN_ENUM_CONVERSION = YES;
				CLANG_WARN_INT_CONVERSION = YES;
				CLANG_WARN_OBJC_ROOT_CLASS = YES_ERROR;
				CLANG_WARN_UNREACHABLE_CODE = YES;
				CLANG_WARN__DUPLICATE_METHOD_MATCH = YES;
				"CODE_SIGN_IDENTITY[sdk=iphoneos*]" = "iPhone Developer";
				COPY_PHASE_STRIP = NO;
				DEBUG_INFORMATION_FORMAT = dwarf;
				ENABLE_STRICT_OBJC_MSGSEND = YES;
				ENABLE_TESTABILITY = YES;
				GCC_C_LANGUAGE_STANDARD = gnu99;
				GCC_DYNAMIC_NO_PIC = NO;
				GCC_NO_COMMON_BLOCKS = YES;
				GCC_OPTIMIZATION_LEVEL = 0;
				GCC_PREPROCESSOR_DEFINITIONS = (
					"DEBUG=1",
					"$(inherited)",
				);
				GCC_WARN_64_TO_32_BIT_CONVERSION = YES;
				GCC_WARN_ABOUT_RETURN_TYPE = YES_ERROR;
				GCC_WARN_UNDECLARED_SELECTOR = YES;
				GCC_WARN_UNINITIALIZED_AUTOS = YES_AGGRESSIVE;
				GCC_WARN_UNUSED_FUNCTION = YES;
				GCC_WARN_UNUSED_VARIABLE = YES;
				IPHONEOS_DEPLOYMENT_TARGET = 6.0;
				MTL_ENABLE_DEBUG_INFO = YES;
				ONLY_ACTIVE_ARCH = YES;
				SDKROOT = iphoneos;
			};
			name = Debug;
		};
		38CA3B321C73181900780E55 /* Release */ = {
			isa = XCBuildConfiguration;
			buildSettings = {
				ALWAYS_SEARCH_USER_PATHS = NO;
				CLANG_CXX_LANGUAGE_STANDARD = "gnu++0x";
				CLANG_CXX_LIBRARY = "libc++";
				CLANG_ENABLE_MODULES = YES;
				CLANG_ENABLE_OBJC_ARC = YES;
				CLANG_WARN_BOOL_CONVERSION = YES;
				CLANG_WARN_CONSTANT_CONVERSION = YES;
				CLANG_WARN_DIRECT_OBJC_ISA_USAGE = YES_ERROR;
				CLANG_WARN_EMPTY_BODY = YES;
				CLANG_WARN_ENUM_CONVERSION = YES;
				CLANG_WARN_INT_CONVERSION = YES;
				CLANG_WARN_OBJC_ROOT_CLASS = YES_ERROR;
				CLANG_WARN_UNREACHABLE_CODE = YES;
				CLANG_WARN__DUPLICATE_METHOD_MATCH = YES;
				"CODE_SIGN_IDENTITY[sdk=iphoneos*]" = "iPhone Developer";
				COPY_PHASE_STRIP = NO;
				DEBUG_INFORMATION_FORMAT = "dwarf-with-dsym";
				ENABLE_NS_ASSERTIONS = NO;
				ENABLE_STRICT_OBJC_MSGSEND = YES;
				GCC_C_LANGUAGE_STANDARD = gnu99;
				GCC_NO_COMMON_BLOCKS = YES;
				GCC_WARN_64_TO_32_BIT_CONVERSION = YES;
				GCC_WARN_ABOUT_RETURN_TYPE = YES_ERROR;
				GCC_WARN_UNDECLARED_SELECTOR = YES;
				GCC_WARN_UNINITIALIZED_AUTOS = YES_AGGRESSIVE;
				GCC_WARN_UNUSED_FUNCTION = YES;
				GCC_WARN_UNUSED_VARIABLE = YES;
				IPHONEOS_DEPLOYMENT_TARGET = 6.0;
				MTL_ENABLE_DEBUG_INFO = NO;
				SDKROOT = iphoneos;
				VALIDATE_PRODUCT = YES;
			};
			name = Release;
		};
		38CA3B341C73181900780E55 /* Debug */ = {
			isa = XCBuildConfiguration;
			buildSettings = {
				OTHER_LDFLAGS = "-ObjC";
				PRODUCT_NAME = "$(TARGET_NAME)";
				SKIP_INSTALL = YES;
			};
			name = Debug;
		};
		38CA3B351C73181900780E55 /* Release */ = {
			isa = XCBuildConfiguration;
			buildSettings = {
				OTHER_LDFLAGS = "-ObjC";
				PRODUCT_NAME = "$(TARGET_NAME)";
				SKIP_INSTALL = YES;
			};
			name = Release;
		};
/* End XCBuildConfiguration section */

/* Begin XCConfigurationList section */
		38CA3B251C73181900780E55 /* Build configuration list for PBXProject "HJCLayout" */ = {
			isa = XCConfigurationList;
			buildConfigurations = (
				38CA3B311C73181900780E55 /* Debug */,
				38CA3B321C73181900780E55 /* Release */,
			);
			defaultConfigurationIsVisible = 0;
			defaultConfigurationName = Release;
		};
		38CA3B331C73181900780E55 /* Build configuration list for PBXNativeTarget "HJCLayout" */ = {
			isa = XCConfigurationList;
			buildConfigurations = (
				38CA3B341C73181900780E55 /* Debug */,
				38CA3B351C73181900780E55 /* Release */,
			);
			defaultConfigurationIsVisible = 0;
			defaultConfigurationName = Release;
		};
/* End XCConfigurationList section */
	};
	rootObject = 38CA3B221C73181900780E55 /* Project object */;
}
